
Microsoft Visual Studio Solution File, Format Version 12.00
# Visual Studio Version 16
VisualStudioVersion = 16.0.32126.315
MinimumVisualStudioVersion = 10.0.40219.1
Project("{8BC9CEB8-8B4A-11D0-8D11-00A0C91BC942}") = "mge", "mge.vcxproj", "{9BF1737F-5BBF-413D-A25B-8DA45BE5CF13}"
EndProject
Project("{2150E333-8FDC-42A3-9474-1A3956D46DE8}") = "Solution Items", "Solution Items", "{36A6B1BA-4DF9-424D-9922-CBB477830DC7}"
EndProject
Global
	GlobalSection(SolutionConfigurationPlatforms) = preSolution
		Debug Dynamic|x86 = Debug Dynamic|x86
		Debug Static|x86 = Debug Static|x86
		Release Dynamic|x86 = Release Dynamic|x86
		Release Static|x86 = Release Static|x86
	EndGlobalSection
	GlobalSection(ProjectConfigurationPlatforms) = postSolution
		{9BF1737F-5BBF-413D-A25B-8DA45BE5CF13}.Debug Dynamic|x86.ActiveCfg = Debug Dynamic|Win32
		{9BF1737F-5BBF-413D-A25B-8DA45BE5CF13}.Debug Dynamic|x86.Build.0 = Debug Dynamic|Win32
		{9BF1737F-5BBF-413D-A25B-8DA45BE5CF13}.Debug Static|x86.ActiveCfg = Debug Static|Win32
		{9BF1737F-5BBF-413D-A25B-8DA45BE5CF13}.Debug Static|x86.Build.0 = Debug Static|Win32
		{9BF1737F-5BBF-413D-A25B-8DA45BE5CF13}.Release Dynamic|x86.ActiveCfg = Release Dynamic|Win32
		{9BF1737F-5BBF-413D-A25B-8DA45BE5CF13}.Release Dynamic|x86.Build.0 = Release Dynamic|Win32
		{9BF1737F-5BBF-413D-A25B-8DA45BE5CF13}.Release Static|x86.ActiveCfg = Release Static|Win32
		{9BF1737F-5BBF-413D-A25B-8DA45BE5CF13}.Release Static|x86.Build.0 = Release Static|Win32
	EndGlobalSection
	GlobalSection(SolutionProperties) = preSolution
		HideSolutionNode = FALSE
	EndGlobalSection
	GlobalSection(ExtensibilityGlobals) = postSolution
		SolutionGuid = {ED5C47FF-6373-4670-8175-EB2C64F56C2A}
	EndGlobalSection
EndGlobal
